
Microsoft Visual Studio Solution File, Format Version 12.00
# Visual Studio Version 17
VisualStudioVersion = 17.5.002.0
MinimumVisualStudioVersion = 10.0.40219.1
Project("{9A19103F-16F7-4668-BE54-9A1E7A4F7556}") = "l01-demo", "l01-demo.csproj", "{262B770D-A03A-438A-BE6E-6081D118BEE8}"
EndProject
Global
	GlobalSection(SolutionConfigurationPlatforms) = preSolution
		Debug|Any CPU = Debug|Any CPU
		Release|Any CPU = Release|Any CPU
	EndGlobalSection
	GlobalSection(ProjectConfigurationPlatforms) = postSolution
		{262B770D-A03A-438A-BE6E-6081D118BEE8}.Debug|Any CPU.ActiveCfg = Debug|Any CPU
		{262B770D-A03A-438A-BE6E-6081D118BEE8}.Debug|Any CPU.Build.0 = Debug|Any CPU
		{262B770D-A03A-438A-BE6E-6081D118BEE8}.Release|Any CPU.ActiveCfg = Release|Any CPU
		{262B770D-A03A-438A-BE6E-6081D118BEE8}.Release|Any CPU.Build.0 = Release|Any CPU
	EndGlobalSection
	GlobalSection(SolutionProperties) = preSolution
		HideSolutionNode = FALSE
	EndGlobalSection
	GlobalSection(ExtensibilityGlobals) = postSolution
		SolutionGuid = {6FF712D6-D467-408E-954F-D394C24C1FBC}
	EndGlobalSection
EndGlobal
